schema: '2.0'
stages:
  get_data:
    cmd: python get_data.py
    deps:
    - path: get_data.py
      hash: md5
      md5: f31a1d9d41fc8efee9ee82e784f2009a
      size: 292
    outs:
    - path: data_raw.csv
      hash: md5
      md5: 41075eacfc93987b0a8021b185d54eea
      size: 782
  process_data:
    cmd: python process_data.py
    deps:
    - path: data_raw.csv
      md5: a6aec8da63a5fa2619af025a76746f29
      size: 68868
      isexec: true
    - path: process_data.py
      md5: 79b357c12f171f3d07c76780815b651c
      size: 900
    outs:
    - path: data_processed.csv
      md5: 03269b6c0a766dc80e090326008765b3
      size: 24227
  train:
    cmd: python train.py
    deps:
    - path: data_processed.csv
      hash: md5
      md5: 03269b6c0a766dc80e090326008765b3
      size: 24227
    - path: train.py
      hash: md5
      md5: d06250075fd17dca194ec4f27852f3db
      size: 1522
    outs:
    - path: by_region.png
      hash: md5
      md5: c6821a131515830ac30777260ed478cc
      size: 7838
    - path: metrics.json
      hash: md5
      md5: f4844c28505568f336c5f91db3f1beb3
      size: 89
